{
  "version": 4,
  "terraform_version": "1.7.4",
  "serial": 14,
  "lineage": "98b5d560-509a-7aed-26d9-dbe7abd1fa07",
  "outputs": {},
  "resources": [
    {
      "mode": "managed",
      "type": "azurerm_app_service",
      "name": "appService",
      "provider": "provider[\"registry.terraform.io/hashicorp/azurerm\"]",
      "instances": [
        {
          "schema_version": 0,
          "attributes": {
            "app_service_plan_id": "/subscriptions/2e7a8c23-86f6-4607-aaf4-9593ef6bbb98/resourceGroups/v1.0/providers/Microsoft.Web/serverfarms/pdfbott_appPlan",
            "app_settings": {},
            "auth_settings": [
              {
                "active_directory": [],
                "additional_login_params": {},
                "allowed_external_redirect_urls": [],
                "default_provider": "",
                "enabled": false,
                "facebook": [],
                "google": [],
                "issuer": "",
                "microsoft": [],
                "runtime_version": "",
                "token_refresh_extension_hours": 0,
                "token_store_enabled": false,
                "twitter": [],
                "unauthenticated_client_action": ""
              }
            ],
            "backup": [],
            "client_affinity_enabled": false,
            "client_cert_enabled": false,
            "connection_string": [],
            "custom_domain_verification_id": "19AA126862A4612793152CFA5E57821B858B628E9C238D01281E3D119431CB04",
            "default_site_hostname": "pdfbottservice.azurewebsites.net",
            "enabled": true,
            "https_only": false,
            "id": "/subscriptions/2e7a8c23-86f6-4607-aaf4-9593ef6bbb98/resourceGroups/v1.0/providers/Microsoft.Web/sites/pdfbottService",
            "identity": [],
            "location": "eastus",
            "logs": [
              {
                "application_logs": [
                  {
                    "azure_blob_storage": [],
                    "file_system_level": "Off"
                  }
                ],
                "detailed_error_messages_enabled": false,
                "failed_request_tracing_enabled": false,
                "http_logs": [
                  {
                    "azure_blob_storage": [],
                    "file_system": []
                  }
                ]
              }
            ],
            "name": "pdfbottService",
            "outbound_ip_address_list": [
              "20.237.31.14",
              "20.237.31.70",
              "20.237.31.151",
              "20.237.31.157",
              "20.237.31.179",
              "20.237.31.189",
              "20.119.0.29"
            ],
            "outbound_ip_addresses": "20.237.31.14,20.237.31.70,20.237.31.151,20.237.31.157,20.237.31.179,20.237.31.189,20.119.0.29",
            "possible_outbound_ip_address_list": [
              "20.237.31.14",
              "20.237.31.70",
              "20.237.31.151",
              "20.237.31.157",
              "20.237.31.179",
              "20.237.31.189",
              "20.237.31.199",
              "20.246.136.24",
              "20.246.136.30",
              "20.246.136.97",
              "20.246.136.139",
              "20.246.137.37",
              "20.246.137.45",
              "20.246.137.75",
              "20.246.137.80",
              "20.246.137.136",
              "20.246.137.139",
              "20.246.137.154",
              "20.246.137.218",
              "20.237.24.68",
              "20.237.25.26",
              "20.237.26.79",
              "20.246.138.59",
              "20.246.138.104",
              "20.119.0.29"
            ],
            "possible_outbound_ip_addresses": "20.237.31.14,20.237.31.70,20.237.31.151,20.237.31.157,20.237.31.179,20.237.31.189,20.237.31.199,20.246.136.24,20.246.136.30,20.246.136.97,20.246.136.139,20.246.137.37,20.246.137.45,20.246.137.75,20.246.137.80,20.246.137.136,20.246.137.139,20.246.137.154,20.246.137.218,20.237.24.68,20.237.25.26,20.237.26.79,20.246.138.59,20.246.138.104,20.119.0.29",
            "resource_group_name": "v1.0",
            "site_config": [
              {
                "always_on": false,
                "app_command_line": "",
                "auto_swap_slot_name": "",
                "cors": [
                  {
                    "allowed_origins": [],
                    "support_credentials": false
                  }
                ],
                "default_documents": null,
                "dotnet_framework_version": "v4.0",
                "ftps_state": "FtpsOnly",
                "health_check_path": "",
                "http2_enabled": true,
                "ip_restriction": [],
                "java_container": "",
                "java_container_version": "",
                "java_version": "",
                "linux_fx_version": "",
                "local_mysql_enabled": false,
                "managed_pipeline_mode": "Integrated",
                "min_tls_version": "1.2",
                "number_of_workers": 1,
                "php_version": "",
                "python_version": "",
                "remote_debugging_enabled": false,
                "remote_debugging_version": "VS2019",
                "scm_ip_restriction": [],
                "scm_type": "None",
                "scm_use_main_ip_restriction": false,
                "use_32_bit_worker_process": false,
                "websockets_enabled": false,
                "windows_fx_version": ""
              }
            ],
            "site_credential": [
              {
                "password": "BKug3FQZLJroecTzzopXjYoxRbls1nActKxLywGG3sSwB0pwiBs8N0pmbTfY",
                "username": "$pdfbottService"
              }
            ],
            "source_control": [
              {
                "branch": "master",
                "manual_integration": false,
                "repo_url": "",
                "rollback_enabled": false,
                "use_mercurial": false
              }
            ],
            "storage_account": [],
            "tags": null,
            "timeouts": null
          },
          "sensitive_attributes": [],
          "private": "eyJlMmJmYjczMC1lY2FhLTExZTYtOGY4OC0zNDM2M2JjN2M0YzAiOnsiY3JlYXRlIjoxODAwMDAwMDAwMDAwLCJkZWxldGUiOjE4MDAwMDAwMDAwMDAsInJlYWQiOjMwMDAwMDAwMDAwMCwidXBkYXRlIjoxODAwMDAwMDAwMDAwfX0=",
          "dependencies": [
            "azurerm_app_service_plan.appPlan",
            "azurerm_resource_group.pdfbot"
          ]
        }
      ]
    },
    {
      "mode": "managed",
      "type": "azurerm_app_service_plan",
      "name": "appPlan",
      "provider": "provider[\"registry.terraform.io/hashicorp/azurerm\"]",
      "instances": [
        {
          "schema_version": 0,
          "attributes": {
            "app_service_environment_id": "",
            "id": "/subscriptions/2e7a8c23-86f6-4607-aaf4-9593ef6bbb98/resourceGroups/v1.0/providers/Microsoft.Web/serverfarms/pdfbott_appPlan",
            "is_xenon": false,
            "kind": "linux",
            "location": "eastus",
            "maximum_elastic_worker_count": 1,
            "maximum_number_of_workers": 3,
            "name": "pdfbott_appPlan",
            "per_site_scaling": false,
            "reserved": true,
            "resource_group_name": "v1.0",
            "sku": [
              {
                "capacity": 1,
                "size": "B1",
                "tier": "Basic"
              }
            ],
            "tags": null,
            "timeouts": null
          },
          "sensitive_attributes": [],
          "private": "eyJlMmJmYjczMC1lY2FhLTExZTYtOGY4OC0zNDM2M2JjN2M0YzAiOnsiY3JlYXRlIjozNjAwMDAwMDAwMDAwLCJkZWxldGUiOjM2MDAwMDAwMDAwMDAsInJlYWQiOjMwMDAwMDAwMDAwMCwidXBkYXRlIjozNjAwMDAwMDAwMDAwfX0=",
          "dependencies": [
            "azurerm_resource_group.pdfbot"
          ]
        }
      ]
    },
    {
      "mode": "managed",
      "type": "azurerm_resource_group",
      "name": "pdfbot",
      "provider": "provider[\"registry.terraform.io/hashicorp/azurerm\"]",
      "instances": [
        {
          "schema_version": 0,
          "attributes": {
            "id": "/subscriptions/2e7a8c23-86f6-4607-aaf4-9593ef6bbb98/resourceGroups/v1.0",
            "location": "eastus",
            "name": "v1.0",
            "tags": {
              "environment": "dev",
              "source": "Terraform"
            },
            "timeouts": null
          },
          "sensitive_attributes": [],
          "private": "eyJlMmJmYjczMC1lY2FhLTExZTYtOGY4OC0zNDM2M2JjN2M0YzAiOnsiY3JlYXRlIjo1NDAwMDAwMDAwMDAwLCJkZWxldGUiOjU0MDAwMDAwMDAwMDAsInJlYWQiOjMwMDAwMDAwMDAwMCwidXBkYXRlIjo1NDAwMDAwMDAwMDAwfX0="
        }
      ]
    }
  ],
  "check_results": null
}
